
Microsoft Visual Studio Solution File, Format Version 12.00
# Visual Studio Version 17
VisualStudioVersion = 17.14.36109.1 d17.14
MinimumVisualStudioVersion = 10.0.40219.1
Project("{FAE04EC0-301F-11D3-BF4B-00C04F79EFBC}") = "AgriEnergyConnect", "AgriEnergyConnect\AgriEnergyConnect.csproj", "{12ED81E0-286C-4D21-B603-B52EAF10A58D}"
EndProject
Global
	GlobalSection(SolutionConfigurationPlatforms) = preSolution
		Debug|Any CPU = Debug|Any CPU
		Release|Any CPU = Release|Any CPU
	EndGlobalSection
	GlobalSection(ProjectConfigurationPlatforms) = postSolution
		{12ED81E0-286C-4D21-B603-B52EAF10A58D}.Debug|Any CPU.ActiveCfg = Debug|Any CPU
		{12ED81E0-286C-4D21-B603-B52EAF10A58D}.Debug|Any CPU.Build.0 = Debug|Any CPU
		{12ED81E0-286C-4D21-B603-B52EAF10A58D}.Release|Any CPU.ActiveCfg = Release|Any CPU
		{12ED81E0-286C-4D21-B603-B52EAF10A58D}.Release|Any CPU.Build.0 = Release|Any CPU
	EndGlobalSection
	GlobalSection(SolutionProperties) = preSolution
		HideSolutionNode = FALSE
	EndGlobalSection
	GlobalSection(ExtensibilityGlobals) = postSolution
		SolutionGuid = {91604ABE-DA82-4B1C-ABAB-234C62C7C2B1}
	EndGlobalSection
EndGlobal
